
Microsoft Visual Studio Solution File, Format Version 12.00
# Visual Studio Version 16
VisualStudioVersion = 16.0.31005.135
MinimumVisualStudioVersion = 10.0.40219.1
Project("{8BC9CEB8-8B4A-11D0-8D11-00A0C91BC942}") = "Matrix_Transposition_Shared_Mem", "Matrix_Transposition_Shared_Mem\Matrix_Transposition_Shared_Mem.vcxproj", "{086ED569-745A-403B-A83B-7F7094A0A01A}"
EndProject
Global
	GlobalSection(SolutionConfigurationPlatforms) = preSolution
		Debug|x64 = Debug|x64
		Release|x64 = Release|x64
	EndGlobalSection
	GlobalSection(ProjectConfigurationPlatforms) = postSolution
		{086ED569-745A-403B-A83B-7F7094A0A01A}.Debug|x64.ActiveCfg = Debug|x64
		{086ED569-745A-403B-A83B-7F7094A0A01A}.Debug|x64.Build.0 = Debug|x64
		{086ED569-745A-403B-A83B-7F7094A0A01A}.Release|x64.ActiveCfg = Release|x64
		{086ED569-745A-403B-A83B-7F7094A0A01A}.Release|x64.Build.0 = Release|x64
	EndGlobalSection
	GlobalSection(SolutionProperties) = preSolution
		HideSolutionNode = FALSE
	EndGlobalSection
	GlobalSection(ExtensibilityGlobals) = postSolution
		SolutionGuid = {CA38F4C4-6576-4455-8E14-850D94C7B9A9}
	EndGlobalSection
EndGlobal
